
Microsoft Visual Studio Solution File, Format Version 12.00
# Visual Studio Version 17
VisualStudioVersion = 17.11.35327.3
MinimumVisualStudioVersion = 10.0.40219.1
Project("{FAE04EC0-301F-11D3-BF4B-00C04F79EFBC}") = "CFDB_practice", "CFDB_practice.csproj", "{BCA51EBA-21DF-46B1-9514-91B2344427E1}"
EndProject
Global
	GlobalSection(SolutionConfigurationPlatforms) = preSolution
		Debug|Any CPU = Debug|Any CPU
		Release|Any CPU = Release|Any CPU
	EndGlobalSection
	GlobalSection(ProjectConfigurationPlatforms) = postSolution
		{BCA51EBA-21DF-46B1-9514-91B2344427E1}.Debug|Any CPU.ActiveCfg = Debug|Any CPU
		{BCA51EBA-21DF-46B1-9514-91B2344427E1}.Debug|Any CPU.Build.0 = Debug|Any CPU
		{BCA51EBA-21DF-46B1-9514-91B2344427E1}.Release|Any CPU.ActiveCfg = Release|Any CPU
		{BCA51EBA-21DF-46B1-9514-91B2344427E1}.Release|Any CPU.Build.0 = Release|Any CPU
	EndGlobalSection
	GlobalSection(SolutionProperties) = preSolution
		HideSolutionNode = FALSE
	EndGlobalSection
	GlobalSection(ExtensibilityGlobals) = postSolution
		SolutionGuid = {0A04424E-4B23-4F0C-9CA8-EFF470E59F37}
	EndGlobalSection
EndGlobal
